
Microsoft Visual Studio Solution File, Format Version 12.00
# Visual Studio Version 17
VisualStudioVersion = 17.10.35004.147
MinimumVisualStudioVersion = 10.0.40219.1
Project("{FAE04EC0-301F-11D3-BF4B-00C04F79EFBC}") = "Csharp_DZ_4_Dedok", "Csharp_DZ_4_Dedok.csproj", "{687B5CC8-4733-44BB-97E5-7FBADA0DE7B6}"
EndProject
Global
	GlobalSection(SolutionConfigurationPlatforms) = preSolution
		Debug|Any CPU = Debug|Any CPU
		Release|Any CPU = Release|Any CPU
	EndGlobalSection
	GlobalSection(ProjectConfigurationPlatforms) = postSolution
		{687B5CC8-4733-44BB-97E5-7FBADA0DE7B6}.Debug|Any CPU.ActiveCfg = Debug|Any CPU
		{687B5CC8-4733-44BB-97E5-7FBADA0DE7B6}.Debug|Any CPU.Build.0 = Debug|Any CPU
		{687B5CC8-4733-44BB-97E5-7FBADA0DE7B6}.Release|Any CPU.ActiveCfg = Release|Any CPU
		{687B5CC8-4733-44BB-97E5-7FBADA0DE7B6}.Release|Any CPU.Build.0 = Release|Any CPU
	EndGlobalSection
	GlobalSection(SolutionProperties) = preSolution
		HideSolutionNode = FALSE
	EndGlobalSection
	GlobalSection(ExtensibilityGlobals) = postSolution
		SolutionGuid = {B4CC60C4-465E-49B4-A142-0CBE49CB993D}
	EndGlobalSection
EndGlobal
